
Microsoft Visual Studio Solution File, Format Version 12.00
# Visual Studio Version 17
VisualStudioVersion = 17.5.33516.290
MinimumVisualStudioVersion = 10.0.40219.1
Project("{2150E333-8FDC-42A3-9474-1A3956D46DE8}") = "API", "API", "{E5BAAF57-B733-4399-8763-E558410CEAF7}"
EndProject
Project("{2150E333-8FDC-42A3-9474-1A3956D46DE8}") = "BackgroundServices", "BackgroundServices", "{44716C2A-7E49-4D09-9E01-D35060EF1FF2}"
EndProject
Project("{2150E333-8FDC-42A3-9474-1A3956D46DE8}") = "Data", "Data", "{BE1B51B2-5B9A-4D7A-AD48-E8321003A364}"
EndProject
Project("{2150E333-8FDC-42A3-9474-1A3956D46DE8}") = "IoC", "IoC", "{D4630A6D-3474-4758-A37D-4E7DC021313B}"
EndProject
Project("{2150E333-8FDC-42A3-9474-1A3956D46DE8}") = "DataAccess", "DataAccess", "{ADCA21CF-BC1F-44BC-8E89-545D87D36079}"
EndProject
Project("{2150E333-8FDC-42A3-9474-1A3956D46DE8}") = "Application", "Application", "{7F4FECE0-BB4E-4288-BA5C-4EC0F0BA71E3}"
EndProject
Project("{2150E333-8FDC-42A3-9474-1A3956D46DE8}") = "Domain", "Domain", "{C3D13912-6AE1-4400-9152-73C200839079}"
EndProject
Project("{2150E333-8FDC-42A3-9474-1A3956D46DE8}") = "DTO", "DTO", "{8C76507D-E1EF-4F76-B6F5-0705411564B0}"
EndProject
Project("{2150E333-8FDC-42A3-9474-1A3956D46DE8}") = "Infrastructure", "Infrastructure", "{728EBF73-65D0-4F8E-9F19-34177BAFD857}"
EndProject
Project("{FAE04EC0-301F-11D3-BF4B-00C04F79EFBC}") = "RealEstate.Application", "RealEstate.Application\RealEstate.Application.csproj", "{0F0A943E-AC97-4956-86F5-BDF057FC750C}"
EndProject
Project("{FAE04EC0-301F-11D3-BF4B-00C04F79EFBC}") = "RealEstate.API", "RealEstate.API\RealEstate.API.csproj", "{D54EDD64-0976-4D59-AF08-F69B780BF77E}"
EndProject
Project("{FAE04EC0-301F-11D3-BF4B-00C04F79EFBC}") = "RealEstate.BackgroundServices", "RealEstate.BackgroundServices\RealEstate.BackgroundServices.csproj", "{DD1033A5-2C72-447E-880B-A8BFB2CB5A1D}"
EndProject
Project("{FAE04EC0-301F-11D3-BF4B-00C04F79EFBC}") = "RealEstate.Data", "RealEstate.Data\RealEstate.Data.csproj", "{9F28C230-FAB7-4C0F-B8C0-0CF458EBC18F}"
EndProject
Project("{FAE04EC0-301F-11D3-BF4B-00C04F79EFBC}") = "RealEstate.DataAccess", "RealEstate.DataAccess\RealEstate.DataAccess.csproj", "{8B4E590B-A5E7-4E20-B93E-D539F2D7F634}"
EndProject
Project("{FAE04EC0-301F-11D3-BF4B-00C04F79EFBC}") = "RealEstate.Domain", "RealEstate.Domain\RealEstate.Domain.csproj", "{7CA2800E-8979-4779-AEB1-5AEE39DD2B19}"
EndProject
Project("{FAE04EC0-301F-11D3-BF4B-00C04F79EFBC}") = "RealEstate.DTO", "RealEstate.DTO\RealEstate.DTO.csproj", "{12FD1CF0-F83C-489E-B487-17D1E9673A3C}"
EndProject
Project("{FAE04EC0-301F-11D3-BF4B-00C04F79EFBC}") = "RealEstate.IoC", "RealEstate.IoC\RealEstate.IoC.csproj", "{D5A5FE24-9C43-4B50-82B5-33247DFC5D8E}"
EndProject
Project("{FAE04EC0-301F-11D3-BF4B-00C04F79EFBC}") = "RealEstate.Infrastructure", "RealEstate.Infrastructure\RealEstate.Infrastructure.csproj", "{6916B26B-FAC0-4569-B5D4-DB4EEDAFBE30}"
EndProject
Global
	GlobalSection(SolutionConfigurationPlatforms) = preSolution
		Debug|Any CPU = Debug|Any CPU
		Release|Any CPU = Release|Any CPU
	EndGlobalSection
	GlobalSection(ProjectConfigurationPlatforms) = postSolution
		{0F0A943E-AC97-4956-86F5-BDF057FC750C}.Debug|Any CPU.ActiveCfg = Debug|Any CPU
		{0F0A943E-AC97-4956-86F5-BDF057FC750C}.Debug|Any CPU.Build.0 = Debug|Any CPU
		{0F0A943E-AC97-4956-86F5-BDF057FC750C}.Release|Any CPU.ActiveCfg = Release|Any CPU
		{0F0A943E-AC97-4956-86F5-BDF057FC750C}.Release|Any CPU.Build.0 = Release|Any CPU
		{D54EDD64-0976-4D59-AF08-F69B780BF77E}.Debug|Any CPU.ActiveCfg = Debug|Any CPU
		{D54EDD64-0976-4D59-AF08-F69B780BF77E}.Debug|Any CPU.Build.0 = Debug|Any CPU
		{D54EDD64-0976-4D59-AF08-F69B780BF77E}.Release|Any CPU.ActiveCfg = Release|Any CPU
		{D54EDD64-0976-4D59-AF08-F69B780BF77E}.Release|Any CPU.Build.0 = Release|Any CPU
		{DD1033A5-2C72-447E-880B-A8BFB2CB5A1D}.Debug|Any CPU.ActiveCfg = Debug|Any CPU
		{DD1033A5-2C72-447E-880B-A8BFB2CB5A1D}.Debug|Any CPU.Build.0 = Debug|Any CPU
		{DD1033A5-2C72-447E-880B-A8BFB2CB5A1D}.Release|Any CPU.ActiveCfg = Release|Any CPU
		{DD1033A5-2C72-447E-880B-A8BFB2CB5A1D}.Release|Any CPU.Build.0 = Release|Any CPU
		{9F28C230-FAB7-4C0F-B8C0-0CF458EBC18F}.Debug|Any CPU.ActiveCfg = Debug|Any CPU
		{9F28C230-FAB7-4C0F-B8C0-0CF458EBC18F}.Debug|Any CPU.Build.0 = Debug|Any CPU
		{9F28C230-FAB7-4C0F-B8C0-0CF458EBC18F}.Release|Any CPU.ActiveCfg = Release|Any CPU
		{9F28C230-FAB7-4C0F-B8C0-0CF458EBC18F}.Release|Any CPU.Build.0 = Release|Any CPU
		{8B4E590B-A5E7-4E20-B93E-D539F2D7F634}.Debug|Any CPU.ActiveCfg = Debug|Any CPU
		{8B4E590B-A5E7-4E20-B93E-D539F2D7F634}.Debug|Any CPU.Build.0 = Debug|Any CPU
		{8B4E590B-A5E7-4E20-B93E-D539F2D7F634}.Release|Any CPU.ActiveCfg = Release|Any CPU
		{8B4E590B-A5E7-4E20-B93E-D539F2D7F634}.Release|Any CPU.Build.0 = Release|Any CPU
		{7CA2800E-8979-4779-AEB1-5AEE39DD2B19}.Debug|Any CPU.ActiveCfg = Debug|Any CPU
		{7CA2800E-8979-4779-AEB1-5AEE39DD2B19}.Debug|Any CPU.Build.0 = Debug|Any CPU
		{7CA2800E-8979-4779-AEB1-5AEE39DD2B19}.Release|Any CPU.ActiveCfg = Release|Any CPU
		{7CA2800E-8979-4779-AEB1-5AEE39DD2B19}.Release|Any CPU.Build.0 = Release|Any CPU
		{12FD1CF0-F83C-489E-B487-17D1E9673A3C}.Debug|Any CPU.ActiveCfg = Debug|Any CPU
		{12FD1CF0-F83C-489E-B487-17D1E9673A3C}.Debug|Any CPU.Build.0 = Debug|Any CPU
		{12FD1CF0-F83C-489E-B487-17D1E9673A3C}.Release|Any CPU.ActiveCfg = Release|Any CPU
		{12FD1CF0-F83C-489E-B487-17D1E9673A3C}.Release|Any CPU.Build.0 = Release|Any CPU
		{D5A5FE24-9C43-4B50-82B5-33247DFC5D8E}.Debug|Any CPU.ActiveCfg = Debug|Any CPU
		{D5A5FE24-9C43-4B50-82B5-33247DFC5D8E}.Debug|Any CPU.Build.0 = Debug|Any CPU
		{D5A5FE24-9C43-4B50-82B5-33247DFC5D8E}.Release|Any CPU.ActiveCfg = Release|Any CPU
		{D5A5FE24-9C43-4B50-82B5-33247DFC5D8E}.Release|Any CPU.Build.0 = Release|Any CPU
		{6916B26B-FAC0-4569-B5D4-DB4EEDAFBE30}.Debug|Any CPU.ActiveCfg = Debug|Any CPU
		{6916B26B-FAC0-4569-B5D4-DB4EEDAFBE30}.Debug|Any CPU.Build.0 = Debug|Any CPU
		{6916B26B-FAC0-4569-B5D4-DB4EEDAFBE30}.Release|Any CPU.ActiveCfg = Release|Any CPU
		{6916B26B-FAC0-4569-B5D4-DB4EEDAFBE30}.Release|Any CPU.Build.0 = Release|Any CPU
	EndGlobalSection
	GlobalSection(SolutionProperties) = preSolution
		HideSolutionNode = FALSE
	EndGlobalSection
	GlobalSection(NestedProjects) = preSolution
		{0F0A943E-AC97-4956-86F5-BDF057FC750C} = {7F4FECE0-BB4E-4288-BA5C-4EC0F0BA71E3}
		{D54EDD64-0976-4D59-AF08-F69B780BF77E} = {E5BAAF57-B733-4399-8763-E558410CEAF7}
		{DD1033A5-2C72-447E-880B-A8BFB2CB5A1D} = {44716C2A-7E49-4D09-9E01-D35060EF1FF2}
		{9F28C230-FAB7-4C0F-B8C0-0CF458EBC18F} = {BE1B51B2-5B9A-4D7A-AD48-E8321003A364}
		{8B4E590B-A5E7-4E20-B93E-D539F2D7F634} = {ADCA21CF-BC1F-44BC-8E89-545D87D36079}
		{7CA2800E-8979-4779-AEB1-5AEE39DD2B19} = {C3D13912-6AE1-4400-9152-73C200839079}
		{12FD1CF0-F83C-489E-B487-17D1E9673A3C} = {8C76507D-E1EF-4F76-B6F5-0705411564B0}
		{D5A5FE24-9C43-4B50-82B5-33247DFC5D8E} = {D4630A6D-3474-4758-A37D-4E7DC021313B}
		{6916B26B-FAC0-4569-B5D4-DB4EEDAFBE30} = {728EBF73-65D0-4F8E-9F19-34177BAFD857}
	EndGlobalSection
	GlobalSection(ExtensibilityGlobals) = postSolution
		SolutionGuid = {77633D20-8586-4713-9B97-9DC5AD9B4BC5}
	EndGlobalSection
EndGlobal
